// !$*UTF8*$!
{
	archiveVersion = 1;
	classes = {
	};
	objectVersion = 56;
	objects = {

/* Begin PBXBuildFile section */
		971736A429FE45F100B8B833 /* chick_gameApp.swift in Sources */ = {isa = PBXBuildFile; fileRef = 971736A329FE45F100B8B833 /* chick_gameApp.swift */; };
		971736A629FE45F100B8B833 /* ContentView.swift in Sources */ = {isa = PBXBuildFile; fileRef = 971736A529FE45F100B8B833 /* ContentView.swift */; };
		971736A829FE45F300B8B833 /* Assets.xcassets in Resources */ = {isa = PBXBuildFile; fileRef = 971736A729FE45F300B8B833 /* Assets.xcassets */; };
		971736AB29FE45F300B8B833 /* Preview Assets.xcassets in Resources */ = {isa = PBXBuildFile; fileRef = 971736AA29FE45F300B8B833 /* Preview Assets.xcassets */; };
		9717A4F62A09027E006EE8C2 /* clatter_result.swift in Sources */ = {isa = PBXBuildFile; fileRef = 9717A4F52A09027E006EE8C2 /* clatter_result.swift */; };
		97494C522A16537C004A20D2 /* clatter_expression_View.swift in Sources */ = {isa = PBXBuildFile; fileRef = 97494C512A16537C004A20D2 /* clatter_expression_View.swift */; };
		9762EE7F2A00E981007A9574 /* shop_View.swift in Sources */ = {isa = PBXBuildFile; fileRef = 9762EE7E2A00E981007A9574 /* shop_View.swift */; };
		9775A13D29FF48E90066FD79 /* result_View.swift in Sources */ = {isa = PBXBuildFile; fileRef = 9775A13C29FF48E90066FD79 /* result_View.swift */; };
		977748F52A1879D5003499A4 /* stage in Resources */ = {isa = PBXBuildFile; fileRef = 977748F42A1879D5003499A4 /* stage */; };
		977748F82A187A08003499A4 /* stage1_View.swift in Sources */ = {isa = PBXBuildFile; fileRef = 977748F72A187A08003499A4 /* stage1_View.swift */; };
		977748FA2A187A6B003499A4 /* stage2_View.swift in Sources */ = {isa = PBXBuildFile; fileRef = 977748F92A187A6B003499A4 /* stage2_View.swift */; };
		977748FC2A187A96003499A4 /* stage3_View.swift in Sources */ = {isa = PBXBuildFile; fileRef = 977748FB2A187A96003499A4 /* stage3_View.swift */; };
		977748FE2A187ABC003499A4 /* stage4_View.swift in Sources */ = {isa = PBXBuildFile; fileRef = 977748FD2A187ABC003499A4 /* stage4_View.swift */; };
		977749002A187ACB003499A4 /* stage5_View.swift in Sources */ = {isa = PBXBuildFile; fileRef = 977748FF2A187ACB003499A4 /* stage5_View.swift */; };
		97AC77492A03C38E001F41F3 /* dressing_up_View.swift in Sources */ = {isa = PBXBuildFile; fileRef = 97AC77482A03C38E001F41F3 /* dressing_up_View.swift */; };
		97F7FAF72A028362002299E2 /* clatter_View.swift in Sources */ = {isa = PBXBuildFile; fileRef = 97F7FAF62A028362002299E2 /* clatter_View.swift */; };
/* End PBXBuildFile section */

/* Begin PBXFileReference section */
		971736A029FE45F100B8B833 /* chick_game.app */ = {isa = PBXFileReference; explicitFileType = wrapper.application; includeInIndex = 0; path = chick_game.app; sourceTree = BUILT_PRODUCTS_DIR; };
		971736A329FE45F100B8B833 /* chick_gameApp.swift */ = {isa = PBXFileReference; lastKnownFileType = sourcecode.swift; path = chick_gameApp.swift; sourceTree = "<group>"; };
		971736A529FE45F100B8B833 /* ContentView.swift */ = {isa = PBXFileReference; lastKnownFileType = sourcecode.swift; path = ContentView.swift; sourceTree = "<group>"; };
		971736A729FE45F300B8B833 /* Assets.xcassets */ = {isa = PBXFileReference; lastKnownFileType = folder.assetcatalog; path = Assets.xcassets; sourceTree = "<group>"; };
		971736AA29FE45F300B8B833 /* Preview Assets.xcassets */ = {isa = PBXFileReference; lastKnownFileType = folder.assetcatalog; path = "Preview Assets.xcassets"; sourceTree = "<group>"; };
		9717A4F52A09027E006EE8C2 /* clatter_result.swift */ = {isa = PBXFileReference; lastKnownFileType = sourcecode.swift; path = clatter_result.swift; sourceTree = "<group>"; };
		97494C512A16537C004A20D2 /* clatter_expression_View.swift */ = {isa = PBXFileReference; lastKnownFileType = sourcecode.swift; path = clatter_expression_View.swift; sourceTree = "<group>"; };
		9762EE7E2A00E981007A9574 /* shop_View.swift */ = {isa = PBXFileReference; lastKnownFileType = sourcecode.swift; path = shop_View.swift; sourceTree = "<group>"; };
		9775A13C29FF48E90066FD79 /* result_View.swift */ = {isa = PBXFileReference; lastKnownFileType = sourcecode.swift; path = result_View.swift; sourceTree = "<group>"; };
		977748F42A1879D5003499A4 /* stage */ = {isa = PBXFileReference; fileEncoding = 4; lastKnownFileType = text; name = stage; path = chick_game/stage; sourceTree = SOURCE_ROOT; };
		977748F72A187A08003499A4 /* stage1_View.swift */ = {isa = PBXFileReference; lastKnownFileType = sourcecode.swift; path = stage1_View.swift; sourceTree = "<group>"; };
		977748F92A187A6B003499A4 /* stage2_View.swift */ = {isa = PBXFileReference; lastKnownFileType = sourcecode.swift; path = stage2_View.swift; sourceTree = "<group>"; };
		977748FB2A187A96003499A4 /* stage3_View.swift */ = {isa = PBXFileReference; lastKnownFileType = sourcecode.swift; path = stage3_View.swift; sourceTree = "<group>"; };
		977748FD2A187ABC003499A4 /* stage4_View.swift */ = {isa = PBXFileReference; lastKnownFileType = sourcecode.swift; path = stage4_View.swift; sourceTree = "<group>"; };
		977748FF2A187ACB003499A4 /* stage5_View.swift */ = {isa = PBXFileReference; lastKnownFileType = sourcecode.swift; path = stage5_View.swift; sourceTree = "<group>"; };
		97AC77482A03C38E001F41F3 /* dressing_up_View.swift */ = {isa = PBXFileReference; lastKnownFileType = sourcecode.swift; path = dressing_up_View.swift; sourceTree = "<group>"; };
		97F7FAF62A028362002299E2 /* clatter_View.swift */ = {isa = PBXFileReference; lastKnownFileType = sourcecode.swift; path = clatter_View.swift; sourceTree = "<group>"; };
/* End PBXFileReference section */

/* Begin PBXFrameworksBuildPhase section */
		9717369D29FE45F100B8B833 /* Frameworks */ = {
			isa = PBXFrameworksBuildPhase;
			buildActionMask = 2147483647;
			files = (
			);
			runOnlyForDeploymentPostprocessing = 0;
		};
/* End PBXFrameworksBuildPhase section */

/* Begin PBXGroup section */
		9717369729FE45F100B8B833 = {
			isa = PBXGroup;
			children = (
				971736A229FE45F100B8B833 /* chick_game */,
				971736A129FE45F100B8B833 /* Products */,
			);
			sourceTree = "<group>";
		};
		971736A129FE45F100B8B833 /* Products */ = {
			isa = PBXGroup;
			children = (
				971736A029FE45F100B8B833 /* chick_game.app */,
			);
			name = Products;
			sourceTree = "<group>";
		};
		971736A229FE45F100B8B833 /* chick_game */ = {
			isa = PBXGroup;
			children = (
				971736A329FE45F100B8B833 /* chick_gameApp.swift */,
				97AC77482A03C38E001F41F3 /* dressing_up_View.swift */,
				971736A529FE45F100B8B833 /* ContentView.swift */,
				9762EE7E2A00E981007A9574 /* shop_View.swift */,
				97F7FAF62A028362002299E2 /* clatter_View.swift */,
				97494C512A16537C004A20D2 /* clatter_expression_View.swift */,
				9717A4F52A09027E006EE8C2 /* clatter_result.swift */,
				9775A13C29FF48E90066FD79 /* result_View.swift */,
				977748F62A1879F8003499A4 /* stage */,
				971736A729FE45F300B8B833 /* Assets.xcassets */,
				971736A929FE45F300B8B833 /* Preview Content */,
			);
			path = chick_game;
			sourceTree = "<group>";
		};
		971736A929FE45F300B8B833 /* Preview Content */ = {
			isa = PBXGroup;
			children = (
				977748F42A1879D5003499A4 /* stage */,
				971736AA29FE45F300B8B833 /* Preview Assets.xcassets */,
			);
			path = "Preview Content";
			sourceTree = "<group>";
		};
		977748F62A1879F8003499A4 /* stage */ = {
			isa = PBXGroup;
			children = (
				977748F72A187A08003499A4 /* stage1_View.swift */,
				977748F92A187A6B003499A4 /* stage2_View.swift */,
				977748FB2A187A96003499A4 /* stage3_View.swift */,
				977748FD2A187ABC003499A4 /* stage4_View.swift */,
				977748FF2A187ACB003499A4 /* stage5_View.swift */,
			);
			path = stage;
			sourceTree = "<group>";
		};
/* End PBXGroup section */

/* Begin PBXNativeTarget section */
		9717369F29FE45F100B8B833 /* chick_game */ = {
			isa = PBXNativeTarget;
			buildConfigurationList = 971736AE29FE45F300B8B833 /* Build configuration list for PBXNativeTarget "chick_game" */;
			buildPhases = (
				9717369C29FE45F100B8B833 /* Sources */,
				9717369D29FE45F100B8B833 /* Frameworks */,
				9717369E29FE45F100B8B833 /* Resources */,
			);
			buildRules = (
			);
			dependencies = (
			);
			name = chick_game;
			productName = chick_game;
			productReference = 971736A029FE45F100B8B833 /* chick_game.app */;
			productType = "com.apple.product-type.application";
		};
/* End PBXNativeTarget section */

/* Begin PBXProject section */
		9717369829FE45F100B8B833 /* Project object */ = {
			isa = PBXProject;
			attributes = {
				BuildIndependentTargetsInParallel = 1;
				LastSwiftUpdateCheck = 1430;
				LastUpgradeCheck = 1430;
				TargetAttributes = {
					9717369F29FE45F100B8B833 = {
						CreatedOnToolsVersion = 14.3;
					};
				};
			};
			buildConfigurationList = 9717369B29FE45F100B8B833 /* Build configuration list for PBXProject "chick_game" */;
			compatibilityVersion = "Xcode 14.0";
			developmentRegion = en;
			hasScannedForEncodings = 0;
			knownRegions = (
				en,
				Base,
			);
			mainGroup = 9717369729FE45F100B8B833;
			productRefGroup = 971736A129FE45F100B8B833 /* Products */;
			projectDirPath = "";
			projectRoot = "";
			targets = (
				9717369F29FE45F100B8B833 /* chick_game */,
			);
		};
/* End PBXProject section */

/* Begin PBXResourcesBuildPhase section */
		9717369E29FE45F100B8B833 /* Resources */ = {
			isa = PBXResourcesBuildPhase;
			buildActionMask = 2147483647;
			files = (
				977748F52A1879D5003499A4 /* stage in Resources */,
				971736AB29FE45F300B8B833 /* Preview Assets.xcassets in Resources */,
				971736A829FE45F300B8B833 /* Assets.xcassets in Resources */,
			);
			runOnlyForDeploymentPostprocessing = 0;
		};
/* End PBXResourcesBuildPhase section */

/* Begin PBXSourcesBuildPhase section */
		9717369C29FE45F100B8B833 /* Sources */ = {
			isa = PBXSourcesBuildPhase;
			buildActionMask = 2147483647;
			files = (
				977748FA2A187A6B003499A4 /* stage2_View.swift in Sources */,
				977749002A187ACB003499A4 /* stage5_View.swift in Sources */,
				977748FC2A187A96003499A4 /* stage3_View.swift in Sources */,
				97F7FAF72A028362002299E2 /* clatter_View.swift in Sources */,
				971736A629FE45F100B8B833 /* ContentView.swift in Sources */,
				9775A13D29FF48E90066FD79 /* result_View.swift in Sources */,
				9762EE7F2A00E981007A9574 /* shop_View.swift in Sources */,
				97AC77492A03C38E001F41F3 /* dressing_up_View.swift in Sources */,
				977748FE2A187ABC003499A4 /* stage4_View.swift in Sources */,
				9717A4F62A09027E006EE8C2 /* clatter_result.swift in Sources */,
				97494C522A16537C004A20D2 /* clatter_expression_View.swift in Sources */,
				971736A429FE45F100B8B833 /* chick_gameApp.swift in Sources */,
				977748F82A187A08003499A4 /* stage1_View.swift in Sources */,
			);
			runOnlyForDeploymentPostprocessing = 0;
		};
/* End PBXSourcesBuildPhase section */

/* Begin XCBuildConfiguration section */
		971736AC29FE45F300B8B833 /* Debug */ = {
			isa = XCBuildConfiguration;
			buildSettings = {
				ALWAYS_SEARCH_USER_PATHS = NO;
				CLANG_ANALYZER_NONNULL = YES;
				CLANG_ANALYZER_NUMBER_OBJECT_CONVERSION = YES_AGGRESSIVE;
				CLANG_CXX_LANGUAGE_STANDARD = "gnu++20";
				CLANG_ENABLE_MODULES = YES;
				CLANG_ENABLE_OBJC_ARC = YES;
				CLANG_ENABLE_OBJC_WEAK = YES;
				CLANG_WARN_BLOCK_CAPTURE_AUTORELEASING = YES;
				CLANG_WARN_BOOL_CONVERSION = YES;
				CLANG_WARN_COMMA = YES;
				CLANG_WARN_CONSTANT_CONVERSION = YES;
				CLANG_WARN_DEPRECATED_OBJC_IMPLEMENTATIONS = YES;
				CLANG_WARN_DIRECT_OBJC_ISA_USAGE = YES_ERROR;
				CLANG_WARN_DOCUMENTATION_COMMENTS = YES;
				CLANG_WARN_EMPTY_BODY = YES;
				CLANG_WARN_ENUM_CONVERSION = YES;
				CLANG_WARN_INFINITE_RECURSION = YES;
				CLANG_WARN_INT_CONVERSION = YES;
				CLANG_WARN_NON_LITERAL_NULL_CONVERSION = YES;
				CLANG_WARN_OBJC_IMPLICIT_RETAIN_SELF = YES;
				CLANG_WARN_OBJC_LITERAL_CONVERSION = YES;
				CLANG_WARN_OBJC_ROOT_CLASS = YES_ERROR;
				CLANG_WARN_QUOTED_INCLUDE_IN_FRAMEWORK_HEADER = YES;
				CLANG_WARN_RANGE_LOOP_ANALYSIS = YES;
				CLANG_WARN_STRICT_PROTOTYPES = YES;
				CLANG_WARN_SUSPICIOUS_MOVE = YES;
				CLANG_WARN_UNGUARDED_AVAILABILITY = YES_AGGRESSIVE;
				CLANG_WARN_UNREACHABLE_CODE = YES;
				CLANG_WARN__DUPLICATE_METHOD_MATCH = YES;
				COPY_PHASE_STRIP = NO;
				DEBUG_INFORMATION_FORMAT = dwarf;
				ENABLE_STRICT_OBJC_MSGSEND = YES;
				ENABLE_TESTABILITY = YES;
				GCC_C_LANGUAGE_STANDARD = gnu11;
				GCC_DYNAMIC_NO_PIC = NO;
				GCC_NO_COMMON_BLOCKS = YES;
				GCC_OPTIMIZATION_LEVEL = 0;
				GCC_PREPROCESSOR_DEFINITIONS = (
					"DEBUG=1",
					"$(inherited)",
				);
				GCC_WARN_64_TO_32_BIT_CONVERSION = YES;
				GCC_WARN_ABOUT_RETURN_TYPE = YES_ERROR;
				GCC_WARN_UNDECLARED_SELECTOR = YES;
				GCC_WARN_UNINITIALIZED_AUTOS = YES_AGGRESSIVE;
				GCC_WARN_UNUSED_FUNCTION = YES;
				GCC_WARN_UNUSED_VARIABLE = YES;
				IPHONEOS_DEPLOYMENT_TARGET = 16.4;
				MTL_ENABLE_DEBUG_INFO = INCLUDE_SOURCE;
				MTL_FAST_MATH = YES;
				ONLY_ACTIVE_ARCH = YES;
				SDKROOT = iphoneos;
				SWIFT_ACTIVE_COMPILATION_CONDITIONS = DEBUG;
				SWIFT_OPTIMIZATION_LEVEL = "-Onone";
			};
			name = Debug;
		};
		971736AD29FE45F300B8B833 /* Release */ = {
			isa = XCBuildConfiguration;
			buildSettings = {
				ALWAYS_SEARCH_USER_PATHS = NO;
				CLANG_ANALYZER_NONNULL = YES;
				CLANG_ANALYZER_NUMBER_OBJECT_CONVERSION = YES_AGGRESSIVE;
				CLANG_CXX_LANGUAGE_STANDARD = "gnu++20";
				CLANG_ENABLE_MODULES = YES;
				CLANG_ENABLE_OBJC_ARC = YES;
				CLANG_ENABLE_OBJC_WEAK = YES;
				CLANG_WARN_BLOCK_CAPTURE_AUTORELEASING = YES;
				CLANG_WARN_BOOL_CONVERSION = YES;
				CLANG_WARN_COMMA = YES;
				CLANG_WARN_CONSTANT_CONVERSION = YES;
				CLANG_WARN_DEPRECATED_OBJC_IMPLEMENTATIONS = YES;
				CLANG_WARN_DIRECT_OBJC_ISA_USAGE = YES_ERROR;
				CLANG_WARN_DOCUMENTATION_COMMENTS = YES;
				CLANG_WARN_EMPTY_BODY = YES;
				CLANG_WARN_ENUM_CONVERSION = YES;
				CLANG_WARN_INFINITE_RECURSION = YES;
				CLANG_WARN_INT_CONVERSION = YES;
				CLANG_WARN_NON_LITERAL_NULL_CONVERSION = YES;
				CLANG_WARN_OBJC_IMPLICIT_RETAIN_SELF = YES;
				CLANG_WARN_OBJC_LITERAL_CONVERSION = YES;
				CLANG_WARN_OBJC_ROOT_CLASS = YES_ERROR;
				CLANG_WARN_QUOTED_INCLUDE_IN_FRAMEWORK_HEADER = YES;
				CLANG_WARN_RANGE_LOOP_ANALYSIS = YES;
				CLANG_WARN_STRICT_PROTOTYPES = YES;
				CLANG_WARN_SUSPICIOUS_MOVE = YES;
				CLANG_WARN_UNGUARDED_AVAILABILITY = YES_AGGRESSIVE;
				CLANG_WARN_UNREACHABLE_CODE = YES;
				CLANG_WARN__DUPLICATE_METHOD_MATCH = YES;
				COPY_PHASE_STRIP = NO;
				DEBUG_INFORMATION_FORMAT = "dwarf-with-dsym";
				ENABLE_NS_ASSERTIONS = NO;
				ENABLE_STRICT_OBJC_MSGSEND = YES;
				GCC_C_LANGUAGE_STANDARD = gnu11;
				GCC_NO_COMMON_BLOCKS = YES;
				GCC_WARN_64_TO_32_BIT_CONVERSION = YES;
				GCC_WARN_ABOUT_RETURN_TYPE = YES_ERROR;
				GCC_WARN_UNDECLARED_SELECTOR = YES;
				GCC_WARN_UNINITIALIZED_AUTOS = YES_AGGRESSIVE;
				GCC_WARN_UNUSED_FUNCTION = YES;
				GCC_WARN_UNUSED_VARIABLE = YES;
				IPHONEOS_DEPLOYMENT_TARGET = 16.4;
				MTL_ENABLE_DEBUG_INFO = NO;
				MTL_FAST_MATH = YES;
				SDKROOT = iphoneos;
				SWIFT_COMPILATION_MODE = wholemodule;
				SWIFT_OPTIMIZATION_LEVEL = "-O";
				VALIDATE_PRODUCT = YES;
			};
			name = Release;
		};
		971736AF29FE45F300B8B833 /* Debug */ = {
			isa = XCBuildConfiguration;
			buildSettings = {
				ASSETCATALOG_COMPILER_APPICON_NAME = AppIcon;
				ASSETCATALOG_COMPILER_GLOBAL_ACCENT_COLOR_NAME = AccentColor;
				CODE_SIGN_STYLE = Automatic;
				CURRENT_PROJECT_VERSION = 1;
				DEVELOPMENT_ASSET_PATHS = "\"chick_game/Preview Content\"";
				DEVELOPMENT_TEAM = 87KC957S8D;
				ENABLE_PREVIEWS = YES;
				GENERATE_INFOPLIST_FILE = YES;
				INFOPLIST_KEY_UIApplicationSceneManifest_Generation = YES;
				INFOPLIST_KEY_UIApplicationSupportsIndirectInputEvents = YES;
				INFOPLIST_KEY_UILaunchScreen_Generation = YES;
				INFOPLIST_KEY_UISupportedInterfaceOrientations_iPad = "UIInterfaceOrientationPortrait UIInterfaceOrientationPortraitUpsideDown UIInterfaceOrientationLandscapeLeft UIInterfaceOrientationLandscapeRight";
				INFOPLIST_KEY_UISupportedInterfaceOrientations_iPhone = "UIInterfaceOrientationPortrait UIInterfaceOrientationLandscapeLeft UIInterfaceOrientationLandscapeRight";
				LD_RUNPATH_SEARCH_PATHS = (
					"$(inherited)",
					"@executable_path/Frameworks",
				);
				MARKETING_VERSION = 1.0;
				PRODUCT_BUNDLE_IDENTIFIER = "kaito.chick-game";
				PRODUCT_NAME = "$(TARGET_NAME)";
				SWIFT_EMIT_LOC_STRINGS = YES;
				SWIFT_VERSION = 5.0;
				TARGETED_DEVICE_FAMILY = "1,2";
			};
			name = Debug;
		};
		971736B029FE45F300B8B833 /* Release */ = {
			isa = XCBuildConfiguration;
			buildSettings = {
				ASSETCATALOG_COMPILER_APPICON_NAME = AppIcon;
				ASSETCATALOG_COMPILER_GLOBAL_ACCENT_COLOR_NAME = AccentColor;
				CODE_SIGN_STYLE = Automatic;
				CURRENT_PROJECT_VERSION = 1;
				DEVELOPMENT_ASSET_PATHS = "\"chick_game/Preview Content\"";
				DEVELOPMENT_TEAM = 87KC957S8D;
				ENABLE_PREVIEWS = YES;
				GENERATE_INFOPLIST_FILE = YES;
				INFOPLIST_KEY_UIApplicationSceneManifest_Generation = YES;
				INFOPLIST_KEY_UIApplicationSupportsIndirectInputEvents = YES;
				INFOPLIST_KEY_UILaunchScreen_Generation = YES;
				INFOPLIST_KEY_UISupportedInterfaceOrientations_iPad = "UIInterfaceOrientationPortrait UIInterfaceOrientationPortraitUpsideDown UIInterfaceOrientationLandscapeLeft UIInterfaceOrientationLandscapeRight";
				INFOPLIST_KEY_UISupportedInterfaceOrientations_iPhone = "UIInterfaceOrientationPortrait UIInterfaceOrientationLandscapeLeft UIInterfaceOrientationLandscapeRight";
				LD_RUNPATH_SEARCH_PATHS = (
					"$(inherited)",
					"@executable_path/Frameworks",
				);
				MARKETING_VERSION = 1.0;
				PRODUCT_BUNDLE_IDENTIFIER = "kaito.chick-game";
				PRODUCT_NAME = "$(TARGET_NAME)";
				SWIFT_EMIT_LOC_STRINGS = YES;
				SWIFT_VERSION = 5.0;
				TARGETED_DEVICE_FAMILY = "1,2";
			};
			name = Release;
		};
/* End XCBuildConfiguration section */

/* Begin XCConfigurationList section */
		9717369B29FE45F100B8B833 /* Build configuration list for PBXProject "chick_game" */ = {
			isa = XCConfigurationList;
			buildConfigurations = (
				971736AC29FE45F300B8B833 /* Debug */,
				971736AD29FE45F300B8B833 /* Release */,
			);
			defaultConfigurationIsVisible = 0;
			defaultConfigurationName = Release;
		};
		971736AE29FE45F300B8B833 /* Build configuration list for PBXNativeTarget "chick_game" */ = {
			isa = XCConfigurationList;
			buildConfigurations = (
				971736AF29FE45F300B8B833 /* Debug */,
				971736B029FE45F300B8B833 /* Release */,
			);
			defaultConfigurationIsVisible = 0;
			defaultConfigurationName = Release;
		};
/* End XCConfigurationList section */
	};
	rootObject = 9717369829FE45F100B8B833 /* Project object */;
}
